// !$*UTF8*$!
{
	archiveVersion = 1;
	classes = {
	};
	objectVersion = 46;
	objects = {

/* Begin PBXBuildFile section */
		36378E721E54D632008222D9 /* AppDelegate.swift in Sources */ = {isa = PBXBuildFile; fileRef = 36378E711E54D632008222D9 /* AppDelegate.swift */; };
		36378E741E54D632008222D9 /* ViewController.swift in Sources */ = {isa = PBXBuildFile; fileRef = 36378E731E54D632008222D9 /* ViewController.swift */; };
		36378E771E54D632008222D9 /* Main.storyboard in Resources */ = {isa = PBXBuildFile; fileRef = 36378E751E54D632008222D9 /* Main.storyboard */; };
		36378E791E54D632008222D9 /* Assets.xcassets in Resources */ = {isa = PBXBuildFile; fileRef = 36378E781E54D632008222D9 /* Assets.xcassets */; };
		36378E7C1E54D632008222D9 /* LaunchScreen.storyboard in Resources */ = {isa = PBXBuildFile; fileRef = 36378E7A1E54D632008222D9 /* LaunchScreen.storyboard */; };
		36378E871E54D632008222D9 /* tddTests.swift in Sources */ = {isa = PBXBuildFile; fileRef = 36378E861E54D632008222D9 /* tddTests.swift */; };
		36378E921E54D65B008222D9 /* countVovels.swift in Sources */ = {isa = PBXBuildFile; fileRef = 36378E911E54D65B008222D9 /* countVovels.swift */; };
		36378E941E54D6AF008222D9 /* testCountVovels.swift in Sources */ = {isa = PBXBuildFile; fileRef = 36378E931E54D6AF008222D9 /* testCountVovels.swift */; };
/* End PBXBuildFile section */

/* Begin PBXContainerItemProxy section */
		36378E831E54D632008222D9 /* PBXContainerItemProxy */ = {
			isa = PBXContainerItemProxy;
			containerPortal = 36378E661E54D632008222D9 /* Project object */;
			proxyType = 1;
			remoteGlobalIDString = 36378E6D1E54D632008222D9;
			remoteInfo = tdd;
		};
/* End PBXContainerItemProxy section */

/* Begin PBXFileReference section */
		36378E6E1E54D632008222D9 /* tdd.app */ = {isa = PBXFileReference; explicitFileType = wrapper.application; includeInIndex = 0; path = tdd.app; sourceTree = BUILT_PRODUCTS_DIR; };
		36378E711E54D632008222D9 /* AppDelegate.swift */ = {isa = PBXFileReference; lastKnownFileType = sourcecode.swift; path = AppDelegate.swift; sourceTree = "<group>"; };
		36378E731E54D632008222D9 /* ViewController.swift */ = {isa = PBXFileReference; lastKnownFileType = sourcecode.swift; path = ViewController.swift; sourceTree = "<group>"; };
		36378E761E54D632008222D9 /* Base */ = {isa = PBXFileReference; lastKnownFileType = file.storyboard; name = Base; path = Base.lproj/Main.storyboard; sourceTree = "<group>"; };
		36378E781E54D632008222D9 /* Assets.xcassets */ = {isa = PBXFileReference; lastKnownFileType = folder.assetcatalog; path = Assets.xcassets; sourceTree = "<group>"; };
		36378E7B1E54D632008222D9 /* Base */ = {isa = PBXFileReference; lastKnownFileType = file.storyboard; name = Base; path = Base.lproj/LaunchScreen.storyboard; sourceTree = "<group>"; };
		36378E7D1E54D632008222D9 /* Info.plist */ = {isa = PBXFileReference; lastKnownFileType = text.plist.xml; path = Info.plist; sourceTree = "<group>"; };
		36378E821E54D632008222D9 /* tddTests.xctest */ = {isa = PBXFileReference; explicitFileType = wrapper.cfbundle; includeInIndex = 0; path = tddTests.xctest; sourceTree = BUILT_PRODUCTS_DIR; };
		36378E861E54D632008222D9 /* tddTests.swift */ = {isa = PBXFileReference; lastKnownFileType = sourcecode.swift; path = tddTests.swift; sourceTree = "<group>"; };
		36378E881E54D632008222D9 /* Info.plist */ = {isa = PBXFileReference; lastKnownFileType = text.plist.xml; path = Info.plist; sourceTree = "<group>"; };
		36378E911E54D65B008222D9 /* countVovels.swift */ = {isa = PBXFileReference; fileEncoding = 4; lastKnownFileType = sourcecode.swift; path = countVovels.swift; sourceTree = "<group>"; };
		36378E931E54D6AF008222D9 /* testCountVovels.swift */ = {isa = PBXFileReference; fileEncoding = 4; lastKnownFileType = sourcecode.swift; path = testCountVovels.swift; sourceTree = "<group>"; };
/* End PBXFileReference section */

/* Begin PBXFrameworksBuildPhase section */
		36378E6B1E54D632008222D9 /* Frameworks */ = {
			isa = PBXFrameworksBuildPhase;
			buildActionMask = 2147483647;
			files = (
			);
			runOnlyForDeploymentPostprocessing = 0;
		};
		36378E7F1E54D632008222D9 /* Frameworks */ = {
			isa = PBXFrameworksBuildPhase;
			buildActionMask = 2147483647;
			files = (
			);
			runOnlyForDeploymentPostprocessing = 0;
		};
/* End PBXFrameworksBuildPhase section */

/* Begin PBXGroup section */
		36378E651E54D632008222D9 = {
			isa = PBXGroup;
			children = (
				36378E701E54D632008222D9 /* tdd */,
				36378E851E54D632008222D9 /* tddTests */,
				36378E6F1E54D632008222D9 /* Products */,
			);
			sourceTree = "<group>";
		};
		36378E6F1E54D632008222D9 /* Products */ = {
			isa = PBXGroup;
			children = (
				36378E6E1E54D632008222D9 /* tdd.app */,
				36378E821E54D632008222D9 /* tddTests.xctest */,
			);
			name = Products;
			sourceTree = "<group>";
		};
		36378E701E54D632008222D9 /* tdd */ = {
			isa = PBXGroup;
			children = (
				36378E711E54D632008222D9 /* AppDelegate.swift */,
				36378E731E54D632008222D9 /* ViewController.swift */,
				36378E911E54D65B008222D9 /* countVovels.swift */,
				36378E751E54D632008222D9 /* Main.storyboard */,
				36378E781E54D632008222D9 /* Assets.xcassets */,
				36378E7A1E54D632008222D9 /* LaunchScreen.storyboard */,
				36378E7D1E54D632008222D9 /* Info.plist */,
			);
			path = tdd;
			sourceTree = "<group>";
		};
		36378E851E54D632008222D9 /* tddTests */ = {
			isa = PBXGroup;
			children = (
				36378E861E54D632008222D9 /* tddTests.swift */,
				36378E881E54D632008222D9 /* Info.plist */,
				36378E931E54D6AF008222D9 /* testCountVovels.swift */,
			);
			path = tddTests;
			sourceTree = "<group>";
		};
/* End PBXGroup section */

/* Begin PBXNativeTarget section */
		36378E6D1E54D632008222D9 /* tdd */ = {
			isa = PBXNativeTarget;
			buildConfigurationList = 36378E8B1E54D632008222D9 /* Build configuration list for PBXNativeTarget "tdd" */;
			buildPhases = (
				36378E6A1E54D632008222D9 /* Sources */,
				36378E6B1E54D632008222D9 /* Frameworks */,
				36378E6C1E54D632008222D9 /* Resources */,
			);
			buildRules = (
			);
			dependencies = (
			);
			name = tdd;
			productName = tdd;
			productReference = 36378E6E1E54D632008222D9 /* tdd.app */;
			productType = "com.apple.product-type.application";
		};
		36378E811E54D632008222D9 /* tddTests */ = {
			isa = PBXNativeTarget;
			buildConfigurationList = 36378E8E1E54D632008222D9 /* Build configuration list for PBXNativeTarget "tddTests" */;
			buildPhases = (
				36378E7E1E54D632008222D9 /* Sources */,
				36378E7F1E54D632008222D9 /* Frameworks */,
				36378E801E54D632008222D9 /* Resources */,
			);
			buildRules = (
			);
			dependencies = (
				36378E841E54D632008222D9 /* PBXTargetDependency */,
			);
			name = tddTests;
			productName = tddTests;
			productReference = 36378E821E54D632008222D9 /* tddTests.xctest */;
			productType = "com.apple.product-type.bundle.unit-test";
		};
/* End PBXNativeTarget section */

/* Begin PBXProject section */
		36378E661E54D632008222D9 /* Project object */ = {
			isa = PBXProject;
			attributes = {
				LastSwiftUpdateCheck = 0820;
				LastUpgradeCheck = 0820;
				ORGANIZATIONNAME = "Syed Askari";
				TargetAttributes = {
					36378E6D1E54D632008222D9 = {
						CreatedOnToolsVersion = 8.2.1;
						DevelopmentTeam = SJ49GZ2K5L;
						ProvisioningStyle = Automatic;
					};
					36378E811E54D632008222D9 = {
						CreatedOnToolsVersion = 8.2.1;
						DevelopmentTeam = SJ49GZ2K5L;
						ProvisioningStyle = Automatic;
						TestTargetID = 36378E6D1E54D632008222D9;
					};
				};
			};
			buildConfigurationList = 36378E691E54D632008222D9 /* Build configuration list for PBXProject "tdd" */;
			compatibilityVersion = "Xcode 3.2";
			developmentRegion = English;
			hasScannedForEncodings = 0;
			knownRegions = (
				en,
				Base,
			);
			mainGroup = 36378E651E54D632008222D9;
			productRefGroup = 36378E6F1E54D632008222D9 /* Products */;
			projectDirPath = "";
			projectRoot = "";
			targets = (
				36378E6D1E54D632008222D9 /* tdd */,
				36378E811E54D632008222D9 /* tddTests */,
			);
		};
/* End PBXProject section */

/* Begin PBXResourcesBuildPhase section */
		36378E6C1E54D632008222D9 /* Resources */ = {
			isa = PBXResourcesBuildPhase;
			buildActionMask = 2147483647;
			files = (
				36378E7C1E54D632008222D9 /* LaunchScreen.storyboard in Resources */,
				36378E791E54D632008222D9 /* Assets.xcassets in Resources */,
				36378E771E54D632008222D9 /* Main.storyboard in Resources */,
			);
			runOnlyForDeploymentPostprocessing = 0;
		};
		36378E801E54D632008222D9 /* Resources */ = {
			isa = PBXResourcesBuildPhase;
			buildActionMask = 2147483647;
			files = (
			);
			runOnlyForDeploymentPostprocessing = 0;
		};
/* End PBXResourcesBuildPhase section */

/* Begin PBXSourcesBuildPhase section */
		36378E6A1E54D632008222D9 /* Sources */ = {
			isa = PBXSourcesBuildPhase;
			buildActionMask = 2147483647;
			files = (
				36378E741E54D632008222D9 /* ViewController.swift in Sources */,
				36378E721E54D632008222D9 /* AppDelegate.swift in Sources */,
				36378E921E54D65B008222D9 /* countVovels.swift in Sources */,
			);
			runOnlyForDeploymentPostprocessing = 0;
		};
		36378E7E1E54D632008222D9 /* Sources */ = {
			isa = PBXSourcesBuildPhase;
			buildActionMask = 2147483647;
			files = (
				36378E941E54D6AF008222D9 /* testCountVovels.swift in Sources */,
				36378E871E54D632008222D9 /* tddTests.swift in Sources */,
			);
			runOnlyForDeploymentPostprocessing = 0;
		};
/* End PBXSourcesBuildPhase section */

/* Begin PBXTargetDependency section */
		36378E841E54D632008222D9 /* PBXTargetDependency */ = {
			isa = PBXTargetDependency;
			target = 36378E6D1E54D632008222D9 /* tdd */;
			targetProxy = 36378E831E54D632008222D9 /* PBXContainerItemProxy */;
		};
/* End PBXTargetDependency section */

/* Begin PBXVariantGroup section */
		36378E751E54D632008222D9 /* Main.storyboard */ = {
			isa = PBXVariantGroup;
			children = (
				36378E761E54D632008222D9 /* Base */,
			);
			name = Main.storyboard;
			sourceTree = "<group>";
		};
		36378E7A1E54D632008222D9 /* LaunchScreen.storyboard */ = {
			isa = PBXVariantGroup;
			children = (
				36378E7B1E54D632008222D9 /* Base */,
			);
			name = LaunchScreen.storyboard;
			sourceTree = "<group>";
		};
/* End PBXVariantGroup section */

/* Begin XCBuildConfiguration section */
		36378E891E54D632008222D9 /* Debug */ = {
			isa = XCBuildConfiguration;
			buildSettings = {
				ALWAYS_SEARCH_USER_PATHS = NO;
				CLANG_ANALYZER_NONNULL = YES;
				CLANG_CXX_LANGUAGE_STANDARD = "gnu++0x";
				CLANG_CXX_LIBRARY = "libc++";
				CLANG_ENABLE_MODULES = YES;
				CLANG_ENABLE_OBJC_ARC = YES;
				CLANG_WARN_BOOL_CONVERSION = YES;
				CLANG_WARN_CONSTANT_CONVERSION = YES;
				CLANG_WARN_DIRECT_OBJC_ISA_USAGE = YES_ERROR;
				CLANG_WARN_DOCUMENTATION_COMMENTS = YES;
				CLANG_WARN_EMPTY_BODY = YES;
				CLANG_WARN_ENUM_CONVERSION = YES;
				CLANG_WARN_INFINITE_RECURSION = YES;
				CLANG_WARN_INT_CONVERSION = YES;
				CLANG_WARN_OBJC_ROOT_CLASS = YES_ERROR;
				CLANG_WARN_SUSPICIOUS_MOVE = YES;
				CLANG_WARN_UNREACHABLE_CODE = YES;
				CLANG_WARN__DUPLICATE_METHOD_MATCH = YES;
				"CODE_SIGN_IDENTITY[sdk=iphoneos*]" = "iPhone Developer";
				COPY_PHASE_STRIP = NO;
				DEBUG_INFORMATION_FORMAT = dwarf;
				ENABLE_STRICT_OBJC_MSGSEND = YES;
				ENABLE_TESTABILITY = YES;
				GCC_C_LANGUAGE_STANDARD = gnu99;
				GCC_DYNAMIC_NO_PIC = NO;
				GCC_NO_COMMON_BLOCKS = YES;
				GCC_OPTIMIZATION_LEVEL = 0;
				GCC_PREPROCESSOR_DEFINITIONS = (
					"DEBUG=1",
					"$(inherited)",
				);
				GCC_WARN_64_TO_32_BIT_CONVERSION = YES;
				GCC_WARN_ABOUT_RETURN_TYPE = YES_ERROR;
				GCC_WARN_UNDECLARED_SELECTOR = YES;
				GCC_WARN_UNINITIALIZED_AUTOS = YES_AGGRESSIVE;
				GCC_WARN_UNUSED_FUNCTION = YES;
				GCC_WARN_UNUSED_VARIABLE = YES;
				IPHONEOS_DEPLOYMENT_TARGET = 10.2;
				MTL_ENABLE_DEBUG_INFO = YES;
				ONLY_ACTIVE_ARCH = YES;
				SDKROOT = iphoneos;
				SWIFT_ACTIVE_COMPILATION_CONDITIONS = DEBUG;
				SWIFT_OPTIMIZATION_LEVEL = "-Onone";
				TARGETED_DEVICE_FAMILY = "1,2";
			};
			name = Debug;
		};
		36378E8A1E54D632008222D9 /* Release */ = {
			isa = XCBuildConfiguration;
			buildSettings = {
				ALWAYS_SEARCH_USER_PATHS = NO;
				CLANG_ANALYZER_NONNULL = YES;
				CLANG_CXX_LANGUAGE_STANDARD = "gnu++0x";
				CLANG_CXX_LIBRARY = "libc++";
				CLANG_ENABLE_MODULES = YES;
				CLANG_ENABLE_OBJC_ARC = YES;
				CLANG_WARN_BOOL_CONVERSION = YES;
				CLANG_WARN_CONSTANT_CONVERSION = YES;
				CLANG_WARN_DIRECT_OBJC_ISA_USAGE = YES_ERROR;
				CLANG_WARN_DOCUMENTATION_COMMENTS = YES;
				CLANG_WARN_EMPTY_BODY = YES;
				CLANG_WARN_ENUM_CONVERSION = YES;
				CLANG_WARN_INFINITE_RECURSION = YES;
				CLANG_WARN_INT_CONVERSION = YES;
				CLANG_WARN_OBJC_ROOT_CLASS = YES_ERROR;
				CLANG_WARN_SUSPICIOUS_MOVE = YES;
				CLANG_WARN_UNREACHABLE_CODE = YES;
				CLANG_WARN__DUPLICATE_METHOD_MATCH = YES;
				"CODE_SIGN_IDENTITY[sdk=iphoneos*]" = "iPhone Developer";
				COPY_PHASE_STRIP = NO;
				DEBUG_INFORMATION_FORMAT = "dwarf-with-dsym";
				ENABLE_NS_ASSERTIONS = NO;
				ENABLE_STRICT_OBJC_MSGSEND = YES;
				GCC_C_LANGUAGE_STANDARD = gnu99;
				GCC_NO_COMMON_BLOCKS = YES;
				GCC_WARN_64_TO_32_BIT_CONVERSION = YES;
				GCC_WARN_ABOUT_RETURN_TYPE = YES_ERROR;
				GCC_WARN_UNDECLARED_SELECTOR = YES;
				GCC_WARN_UNINITIALIZED_AUTOS = YES_AGGRESSIVE;
				GCC_WARN_UNUSED_FUNCTION = YES;
				GCC_WARN_UNUSED_VARIABLE = YES;
				IPHONEOS_DEPLOYMENT_TARGET = 10.2;
				MTL_ENABLE_DEBUG_INFO = NO;
				SDKROOT = iphoneos;
				SWIFT_OPTIMIZATION_LEVEL = "-Owholemodule";
				TARGETED_DEVICE_FAMILY = "1,2";
				VALIDATE_PRODUCT = YES;
			};
			name = Release;
		};
		36378E8C1E54D632008222D9 /* Debug */ = {
			isa = XCBuildConfiguration;
			buildSettings = {
				ASSETCATALOG_COMPILER_APPICON_NAME = AppIcon;
				DEVELOPMENT_TEAM = SJ49GZ2K5L;
				INFOPLIST_FILE = tdd/Info.plist;
				LD_RUNPATH_SEARCH_PATHS = "$(inherited) @executable_path/Frameworks";
				PRODUCT_BUNDLE_IDENTIFIER = com.askari.tdd;
				PRODUCT_NAME = "$(TARGET_NAME)";
				SWIFT_VERSION = 3.0;
			};
			name = Debug;
		};
		36378E8D1E54D632008222D9 /* Release */ = {
			isa = XCBuildConfiguration;
			buildSettings = {
				ASSETCATALOG_COMPILER_APPICON_NAME = AppIcon;
				DEVELOPMENT_TEAM = SJ49GZ2K5L;
				INFOPLIST_FILE = tdd/Info.plist;
				LD_RUNPATH_SEARCH_PATHS = "$(inherited) @executable_path/Frameworks";
				PRODUCT_BUNDLE_IDENTIFIER = com.askari.tdd;
				PRODUCT_NAME = "$(TARGET_NAME)";
				SWIFT_VERSION = 3.0;
			};
			name = Release;
		};
		36378E8F1E54D632008222D9 /* Debug */ = {
			isa = XCBuildConfiguration;
			buildSettings = {
				ALWAYS_EMBED_SWIFT_STANDARD_LIBRARIES = YES;
				BUNDLE_LOADER = "$(TEST_HOST)";
				DEVELOPMENT_TEAM = SJ49GZ2K5L;
				INFOPLIST_FILE = tddTests/Info.plist;
				LD_RUNPATH_SEARCH_PATHS = "$(inherited) @executable_path/Frameworks @loader_path/Frameworks";
				PRODUCT_BUNDLE_IDENTIFIER = com.askari.tddTests;
				PRODUCT_NAME = "$(TARGET_NAME)";
				SWIFT_VERSION = 3.0;
				TEST_HOST = "$(BUILT_PRODUCTS_DIR)/tdd.app/tdd";
			};
			name = Debug;
		};
		36378E901E54D632008222D9 /* Release */ = {
			isa = XCBuildConfiguration;
			buildSettings = {
				ALWAYS_EMBED_SWIFT_STANDARD_LIBRARIES = YES;
				BUNDLE_LOADER = "$(TEST_HOST)";
				DEVELOPMENT_TEAM = SJ49GZ2K5L;
				INFOPLIST_FILE = tddTests/Info.plist;
				LD_RUNPATH_SEARCH_PATHS = "$(inherited) @executable_path/Frameworks @loader_path/Frameworks";
				PRODUCT_BUNDLE_IDENTIFIER = com.askari.tddTests;
				PRODUCT_NAME = "$(TARGET_NAME)";
				SWIFT_VERSION = 3.0;
				TEST_HOST = "$(BUILT_PRODUCTS_DIR)/tdd.app/tdd";
			};
			name = Release;
		};
/* End XCBuildConfiguration section */

/* Begin XCConfigurationList section */
		36378E691E54D632008222D9 /* Build configuration list for PBXProject "tdd" */ = {
			isa = XCConfigurationList;
			buildConfigurations = (
				36378E891E54D632008222D9 /* Debug */,
				36378E8A1E54D632008222D9 /* Release */,
			);
			defaultConfigurationIsVisible = 0;
			defaultConfigurationName = Release;
		};
		36378E8B1E54D632008222D9 /* Build configuration list for PBXNativeTarget "tdd" */ = {
			isa = XCConfigurationList;
			buildConfigurations = (
				36378E8C1E54D632008222D9 /* Debug */,
				36378E8D1E54D632008222D9 /* Release */,
			);
			defaultConfigurationIsVisible = 0;
		};
		36378E8E1E54D632008222D9 /* Build configuration list for PBXNativeTarget "tddTests" */ = {
			isa = XCConfigurationList;
			buildConfigurations = (
				36378E8F1E54D632008222D9 /* Debug */,
				36378E901E54D632008222D9 /* Release */,
			);
			defaultConfigurationIsVisible = 0;
		};
/* End XCConfigurationList section */
	};
	rootObject = 36378E661E54D632008222D9 /* Project object */;
}
